github.com/Aranyak-Ghosh/golist v0.2.0 h1:KBYZ/yOIlcHmjy5bJS8mOiyG8IJkjKqKuSmqW/+fSsg=
github.com/Aranyak-Ghosh/golist v0.2.0/go.mod h1:KihFDgBq6c8mDwcJCOXZYuqHntOA4w3p1oKoSj7woCY=
github.com/joho/godotenv v1.4.0 h1:3l4+N6zfMWnkbPEXKng2o2/MR5mSwTrBih4ZEkkz1lg=
github.com/joho/godotenv v1.4.0/go.mod h1:f4LDr5Voq0i2e/R5DDNOoa2zzDfwtkZa6DnEwAbqwq4=
